
Microsoft Visual Studio Solution File, Format Version 12.00
# Visual Studio Version 17
VisualStudioVersion = 17.9.34728.123
MinimumVisualStudioVersion = 10.0.40219.1
Project("{FAE04EC0-301F-11D3-BF4B-00C04F79EFBC}") = "sistematico", "sistematico.csproj", "{3DEE035A-DB27-4108-90F6-1420A5FC02BE}"
EndProject
Global
	GlobalSection(SolutionConfigurationPlatforms) = preSolution
		Debug|Any CPU = Debug|Any CPU
		Release|Any CPU = Release|Any CPU
	EndGlobalSection
	GlobalSection(ProjectConfigurationPlatforms) = postSolution
		{3DEE035A-DB27-4108-90F6-1420A5FC02BE}.Debug|Any CPU.ActiveCfg = Debug|Any CPU
		{3DEE035A-DB27-4108-90F6-1420A5FC02BE}.Debug|Any CPU.Build.0 = Debug|Any CPU
		{3DEE035A-DB27-4108-90F6-1420A5FC02BE}.Release|Any CPU.ActiveCfg = Release|Any CPU
		{3DEE035A-DB27-4108-90F6-1420A5FC02BE}.Release|Any CPU.Build.0 = Release|Any CPU
	EndGlobalSection
	GlobalSection(SolutionProperties) = preSolution
		HideSolutionNode = FALSE
	EndGlobalSection
	GlobalSection(ExtensibilityGlobals) = postSolution
		SolutionGuid = {142A6D59-2C0D-496A-B788-EFEC4DA8D1CA}
	EndGlobalSection
EndGlobal
