
Microsoft Visual Studio Solution File, Format Version 12.00
# Visual Studio Version 17
VisualStudioVersion = 17.9.34728.123
MinimumVisualStudioVersion = 10.0.40219.1
Project("{FAE04EC0-301F-11D3-BF4B-00C04F79EFBC}") = "CPmdi", "CPmdi.csproj", "{BD20F6C7-C2E5-45E1-B483-8703EDF67B49}"
EndProject
Global
	GlobalSection(SolutionConfigurationPlatforms) = preSolution
		Debug|Any CPU = Debug|Any CPU
		Release|Any CPU = Release|Any CPU
	EndGlobalSection
	GlobalSection(ProjectConfigurationPlatforms) = postSolution
		{BD20F6C7-C2E5-45E1-B483-8703EDF67B49}.Debug|Any CPU.ActiveCfg = Debug|Any CPU
		{BD20F6C7-C2E5-45E1-B483-8703EDF67B49}.Debug|Any CPU.Build.0 = Debug|Any CPU
		{BD20F6C7-C2E5-45E1-B483-8703EDF67B49}.Release|Any CPU.ActiveCfg = Release|Any CPU
		{BD20F6C7-C2E5-45E1-B483-8703EDF67B49}.Release|Any CPU.Build.0 = Release|Any CPU
	EndGlobalSection
	GlobalSection(SolutionProperties) = preSolution
		HideSolutionNode = FALSE
	EndGlobalSection
	GlobalSection(ExtensibilityGlobals) = postSolution
		SolutionGuid = {C0427AF0-8312-46E6-B039-EBA35115568B}
	EndGlobalSection
EndGlobal
