
Microsoft Visual Studio Solution File, Format Version 12.00
# Visual Studio Version 17
VisualStudioVersion = 17.9.34728.123
MinimumVisualStudioVersion = 10.0.40219.1
Project("{FAE04EC0-301F-11D3-BF4B-00C04F79EFBC}") = "CPMDI", "CPMDI\CPMDI.csproj", "{EF9AF767-9EAF-486A-BFDE-69FB5D62DE54}"
EndProject
Global
	GlobalSection(SolutionConfigurationPlatforms) = preSolution
		Debug|Any CPU = Debug|Any CPU
		Release|Any CPU = Release|Any CPU
	EndGlobalSection
	GlobalSection(ProjectConfigurationPlatforms) = postSolution
		{EF9AF767-9EAF-486A-BFDE-69FB5D62DE54}.Debug|Any CPU.ActiveCfg = Debug|Any CPU
		{EF9AF767-9EAF-486A-BFDE-69FB5D62DE54}.Debug|Any CPU.Build.0 = Debug|Any CPU
		{EF9AF767-9EAF-486A-BFDE-69FB5D62DE54}.Release|Any CPU.ActiveCfg = Release|Any CPU
		{EF9AF767-9EAF-486A-BFDE-69FB5D62DE54}.Release|Any CPU.Build.0 = Release|Any CPU
	EndGlobalSection
	GlobalSection(SolutionProperties) = preSolution
		HideSolutionNode = FALSE
	EndGlobalSection
	GlobalSection(ExtensibilityGlobals) = postSolution
		SolutionGuid = {A540A4CE-A9EF-461C-B800-F043EFBAE975}
	EndGlobalSection
EndGlobal
