
Microsoft Visual Studio Solution File, Format Version 12.00
# Visual Studio Version 17
VisualStudioVersion = 17.9.34728.123
MinimumVisualStudioVersion = 10.0.40219.1
Project("{FAE04EC0-301F-11D3-BF4B-00C04F79EFBC}") = "Arreglos", "Arreglos.csproj", "{556AFFF3-361F-4442-BB5D-1E3BBF74F8DB}"
EndProject
Global
	GlobalSection(SolutionConfigurationPlatforms) = preSolution
		Debug|Any CPU = Debug|Any CPU
		Release|Any CPU = Release|Any CPU
	EndGlobalSection
	GlobalSection(ProjectConfigurationPlatforms) = postSolution
		{556AFFF3-361F-4442-BB5D-1E3BBF74F8DB}.Debug|Any CPU.ActiveCfg = Debug|Any CPU
		{556AFFF3-361F-4442-BB5D-1E3BBF74F8DB}.Debug|Any CPU.Build.0 = Debug|Any CPU
		{556AFFF3-361F-4442-BB5D-1E3BBF74F8DB}.Release|Any CPU.ActiveCfg = Release|Any CPU
		{556AFFF3-361F-4442-BB5D-1E3BBF74F8DB}.Release|Any CPU.Build.0 = Release|Any CPU
	EndGlobalSection
	GlobalSection(SolutionProperties) = preSolution
		HideSolutionNode = FALSE
	EndGlobalSection
	GlobalSection(ExtensibilityGlobals) = postSolution
		SolutionGuid = {23A1A08F-5C7C-4575-90A9-21A631DACE84}
	EndGlobalSection
EndGlobal
